// !$*UTF8*$!
{
	archiveVersion = 1;
	classes = {
	};
	objectVersion = 46;
	objects = {

/* Begin PBXBuildFile section */
		C455424B1E9EBE4D006ECB40 /* main.c in Sources */ = {isa = PBXBuildFile; fileRef = C455424A1E9EBE4D006ECB40 /* main.c */; };
		C45542521E9EBF1A006ECB40 /* libCmn.a in Frameworks */ = {isa = PBXBuildFile; fileRef = C45542511E9EBF1A006ECB40 /* libCmn.a */; };
/* End PBXBuildFile section */

/* Begin PBXCopyFilesBuildPhase section */
		C45542451E9EBE4D006ECB40 /* CopyFiles */ = {
			isa = PBXCopyFilesBuildPhase;
			buildActionMask = 2147483647;
			dstPath = /usr/share/man/man1/;
			dstSubfolderSpec = 0;
			files = (
			);
			runOnlyForDeploymentPostprocessing = 1;
		};
/* End PBXCopyFilesBuildPhase section */

/* Begin PBXFileReference section */
		C45542471E9EBE4D006ECB40 /* genAccess */ = {isa = PBXFileReference; explicitFileType = "compiled.mach-o.executable"; includeInIndex = 0; path = genAccess; sourceTree = BUILT_PRODUCTS_DIR; };
		C455424A1E9EBE4D006ECB40 /* main.c */ = {isa = PBXFileReference; lastKnownFileType = sourcecode.c.c; path = main.c; sourceTree = "<group>"; };
		C45542511E9EBF1A006ECB40 /* libCmn.a */ = {isa = PBXFileReference; lastKnownFileType = archive.ar; name = libCmn.a; path = ../../../Support/lib/macosx/libCmn/libCmn.a; sourceTree = "<group>"; };
/* End PBXFileReference section */

/* Begin PBXFrameworksBuildPhase section */
		C45542441E9EBE4D006ECB40 /* Frameworks */ = {
			isa = PBXFrameworksBuildPhase;
			buildActionMask = 2147483647;
			files = (
				C45542521E9EBF1A006ECB40 /* libCmn.a in Frameworks */,
			);
			runOnlyForDeploymentPostprocessing = 0;
		};
/* End PBXFrameworksBuildPhase section */

/* Begin PBXGroup section */
		C455423E1E9EBE4D006ECB40 = {
			isa = PBXGroup;
			children = (
				C45542511E9EBF1A006ECB40 /* libCmn.a */,
				C45542491E9EBE4D006ECB40 /* genAccess */,
				C45542481E9EBE4D006ECB40 /* Products */,
			);
			sourceTree = "<group>";
		};
		C45542481E9EBE4D006ECB40 /* Products */ = {
			isa = PBXGroup;
			children = (
				C45542471E9EBE4D006ECB40 /* genAccess */,
			);
			name = Products;
			sourceTree = "<group>";
		};
		C45542491E9EBE4D006ECB40 /* genAccess */ = {
			isa = PBXGroup;
			children = (
				C455424A1E9EBE4D006ECB40 /* main.c */,
			);
			path = genAccess;
			sourceTree = "<group>";
		};
/* End PBXGroup section */

/* Begin PBXNativeTarget section */
		C45542461E9EBE4D006ECB40 /* genAccess */ = {
			isa = PBXNativeTarget;
			buildConfigurationList = C455424E1E9EBE4D006ECB40 /* Build configuration list for PBXNativeTarget "genAccess" */;
			buildPhases = (
				C45542431E9EBE4D006ECB40 /* Sources */,
				C45542441E9EBE4D006ECB40 /* Frameworks */,
				C45542451E9EBE4D006ECB40 /* CopyFiles */,
			);
			buildRules = (
			);
			dependencies = (
			);
			name = genAccess;
			productName = genAccess;
			productReference = C45542471E9EBE4D006ECB40 /* genAccess */;
			productType = "com.apple.product-type.tool";
		};
/* End PBXNativeTarget section */

/* Begin PBXProject section */
		C455423F1E9EBE4D006ECB40 /* Project object */ = {
			isa = PBXProject;
			attributes = {
				LastUpgradeCheck = 0710;
				ORGANIZATIONNAME = bob;
				TargetAttributes = {
					C45542461E9EBE4D006ECB40 = {
						CreatedOnToolsVersion = 7.1;
					};
				};
			};
			buildConfigurationList = C45542421E9EBE4D006ECB40 /* Build configuration list for PBXProject "genAccess" */;
			compatibilityVersion = "Xcode 3.2";
			developmentRegion = English;
			hasScannedForEncodings = 0;
			knownRegions = (
				en,
			);
			mainGroup = C455423E1E9EBE4D006ECB40;
			productRefGroup = C45542481E9EBE4D006ECB40 /* Products */;
			projectDirPath = "";
			projectRoot = "";
			targets = (
				C45542461E9EBE4D006ECB40 /* genAccess */,
			);
		};
/* End PBXProject section */

/* Begin PBXSourcesBuildPhase section */
		C45542431E9EBE4D006ECB40 /* Sources */ = {
			isa = PBXSourcesBuildPhase;
			buildActionMask = 2147483647;
			files = (
				C455424B1E9EBE4D006ECB40 /* main.c in Sources */,
			);
			runOnlyForDeploymentPostprocessing = 0;
		};
/* End PBXSourcesBuildPhase section */

/* Begin XCBuildConfiguration section */
		C455424C1E9EBE4D006ECB40 /* Debug */ = {
			isa = XCBuildConfiguration;
			buildSettings = {
				ALWAYS_SEARCH_USER_PATHS = NO;
				CLANG_CXX_LANGUAGE_STANDARD = "gnu++0x";
				CLANG_CXX_LIBRARY = "libc++";
				CLANG_ENABLE_MODULES = YES;
				CLANG_ENABLE_OBJC_ARC = YES;
				CLANG_WARN_BOOL_CONVERSION = YES;
				CLANG_WARN_CONSTANT_CONVERSION = YES;
				CLANG_WARN_DIRECT_OBJC_ISA_USAGE = YES_ERROR;
				CLANG_WARN_EMPTY_BODY = YES;
				CLANG_WARN_ENUM_CONVERSION = YES;
				CLANG_WARN_INT_CONVERSION = YES;
				CLANG_WARN_OBJC_ROOT_CLASS = YES_ERROR;
				CLANG_WARN_UNREACHABLE_CODE = YES;
				CLANG_WARN__DUPLICATE_METHOD_MATCH = YES;
				CODE_SIGN_IDENTITY = "-";
				COPY_PHASE_STRIP = NO;
				DEBUG_INFORMATION_FORMAT = dwarf;
				ENABLE_STRICT_OBJC_MSGSEND = YES;
				ENABLE_TESTABILITY = YES;
				GCC_C_LANGUAGE_STANDARD = gnu99;
				GCC_DYNAMIC_NO_PIC = NO;
				GCC_NO_COMMON_BLOCKS = YES;
				GCC_OPTIMIZATION_LEVEL = 0;
				GCC_PREPROCESSOR_DEFINITIONS = (
					"DEBUG=1",
					"$(inherited)",
				);
				GCC_WARN_64_TO_32_BIT_CONVERSION = YES;
				GCC_WARN_ABOUT_RETURN_TYPE = YES_ERROR;
				GCC_WARN_UNDECLARED_SELECTOR = YES;
				GCC_WARN_UNINITIALIZED_AUTOS = YES_AGGRESSIVE;
				GCC_WARN_UNUSED_FUNCTION = YES;
				GCC_WARN_UNUSED_VARIABLE = YES;
				MACOSX_DEPLOYMENT_TARGET = 10.11;
				MTL_ENABLE_DEBUG_INFO = YES;
				ONLY_ACTIVE_ARCH = YES;
				SDKROOT = macosx;
			};
			name = Debug;
		};
		C455424D1E9EBE4D006ECB40 /* Release */ = {
			isa = XCBuildConfiguration;
			buildSettings = {
				ALWAYS_SEARCH_USER_PATHS = NO;
				CLANG_CXX_LANGUAGE_STANDARD = "gnu++0x";
				CLANG_CXX_LIBRARY = "libc++";
				CLANG_ENABLE_MODULES = YES;
				CLANG_ENABLE_OBJC_ARC = YES;
				CLANG_WARN_BOOL_CONVERSION = YES;
				CLANG_WARN_CONSTANT_CONVERSION = YES;
				CLANG_WARN_DIRECT_OBJC_ISA_USAGE = YES_ERROR;
				CLANG_WARN_EMPTY_BODY = YES;
				CLANG_WARN_ENUM_CONVERSION = YES;
				CLANG_WARN_INT_CONVERSION = YES;
				CLANG_WARN_OBJC_ROOT_CLASS = YES_ERROR;
				CLANG_WARN_UNREACHABLE_CODE = YES;
				CLANG_WARN__DUPLICATE_METHOD_MATCH = YES;
				CODE_SIGN_IDENTITY = "-";
				COPY_PHASE_STRIP = NO;
				DEBUG_INFORMATION_FORMAT = "dwarf-with-dsym";
				ENABLE_NS_ASSERTIONS = NO;
				ENABLE_STRICT_OBJC_MSGSEND = YES;
				GCC_C_LANGUAGE_STANDARD = gnu99;
				GCC_NO_COMMON_BLOCKS = YES;
				GCC_WARN_64_TO_32_BIT_CONVERSION = YES;
				GCC_WARN_ABOUT_RETURN_TYPE = YES_ERROR;
				GCC_WARN_UNDECLARED_SELECTOR = YES;
				GCC_WARN_UNINITIALIZED_AUTOS = YES_AGGRESSIVE;
				GCC_WARN_UNUSED_FUNCTION = YES;
				GCC_WARN_UNUSED_VARIABLE = YES;
				MACOSX_DEPLOYMENT_TARGET = 10.11;
				MTL_ENABLE_DEBUG_INFO = NO;
				SDKROOT = macosx;
			};
			name = Release;
		};
		C455424F1E9EBE4D006ECB40 /* Debug */ = {
			isa = XCBuildConfiguration;
			buildSettings = {
				HEADER_SEARCH_PATHS = /Users/bob/Support/lib/macosx/libCmn/include;
				LIBRARY_SEARCH_PATHS = /Users/bob/Support/lib/macosx/libCmn;
				PRODUCT_NAME = "$(TARGET_NAME)";
			};
			name = Debug;
		};
		C45542501E9EBE4D006ECB40 /* Release */ = {
			isa = XCBuildConfiguration;
			buildSettings = {
				HEADER_SEARCH_PATHS = /Users/bob/Support/lib/macosx/libCmn/include;
				LIBRARY_SEARCH_PATHS = /Users/bob/Support/lib/macosx/libCmn;
				PRODUCT_NAME = "$(TARGET_NAME)";
			};
			name = Release;
		};
/* End XCBuildConfiguration section */

/* Begin XCConfigurationList section */
		C45542421E9EBE4D006ECB40 /* Build configuration list for PBXProject "genAccess" */ = {
			isa = XCConfigurationList;
			buildConfigurations = (
				C455424C1E9EBE4D006ECB40 /* Debug */,
				C455424D1E9EBE4D006ECB40 /* Release */,
			);
			defaultConfigurationIsVisible = 0;
			defaultConfigurationName = Release;
		};
		C455424E1E9EBE4D006ECB40 /* Build configuration list for PBXNativeTarget "genAccess" */ = {
			isa = XCConfigurationList;
			buildConfigurations = (
				C455424F1E9EBE4D006ECB40 /* Debug */,
				C45542501E9EBE4D006ECB40 /* Release */,
			);
			defaultConfigurationIsVisible = 0;
		};
/* End XCConfigurationList section */
	};
	rootObject = C455423F1E9EBE4D006ECB40 /* Project object */;
}
